{
  "name": "miniprogram",
  "version": "1.0.0",
  "lockfileVersion": 1,
  "requires": true,
  "dependencies": {
    "text-encoder": {
      "version": "0.0.4",
      "resolved": "https://registry.npmjs.org/text-encoder/-/text-encoder-0.0.4.tgz",
      "integrity": "sha512-12gllbNnC0Zdh9r+LCpEwpUdvncaE9hfUmCVm2ryCH1LEVUZbS6NdRq8omEgJI0zKgaGFTjwQVHbglGDCIbmNA=="
    }
  }
}
